// !$*UTF8*$!
{
	archiveVersion = 1;
	classes = {
	};
	objectVersion = 50;
	objects = {

/* Begin PBXBuildFile section */
		3711690B2223F69E00E5B26E /* AppDelegate.swift in Sources */ = {isa = PBXBuildFile; fileRef = 3711690A2223F69E00E5B26E /* AppDelegate.swift */; };
		3711690D2223F69E00E5B26E /* ViewController.swift in Sources */ = {isa = PBXBuildFile; fileRef = 3711690C2223F69E00E5B26E /* ViewController.swift */; };
		371169102223F69E00E5B26E /* Main.storyboard in Resources */ = {isa = PBXBuildFile; fileRef = 3711690E2223F69E00E5B26E /* Main.storyboard */; };
		371169122223F6AE00E5B26E /* Assets.xcassets in Resources */ = {isa = PBXBuildFile; fileRef = 371169112223F6AE00E5B26E /* Assets.xcassets */; };
		371169152223F6AE00E5B26E /* LaunchScreen.storyboard in Resources */ = {isa = PBXBuildFile; fileRef = 371169132223F6AE00E5B26E /* LaunchScreen.storyboard */; };
		371169202223F6B000E5B26E /* ExampleSTRServiceTests.swift in Sources */ = {isa = PBXBuildFile; fileRef = 3711691F2223F6B000E5B26E /* ExampleSTRServiceTests.swift */; };
/* End PBXBuildFile section */

/* Begin PBXContainerItemProxy section */
		3711691C2223F6AF00E5B26E /* PBXContainerItemProxy */ = {
			isa = PBXContainerItemProxy;
			containerPortal = 371168FF2223F69D00E5B26E /* Project object */;
			proxyType = 1;
			remoteGlobalIDString = 371169062223F69E00E5B26E;
			remoteInfo = ExampleSTRService;
		};
/* End PBXContainerItemProxy section */

/* Begin PBXFileReference section */
		371169072223F69E00E5B26E /* ExampleSTRService.app */ = {isa = PBXFileReference; explicitFileType = wrapper.application; includeInIndex = 0; path = ExampleSTRService.app; sourceTree = BUILT_PRODUCTS_DIR; };
		3711690A2223F69E00E5B26E /* AppDelegate.swift */ = {isa = PBXFileReference; lastKnownFileType = sourcecode.swift; path = AppDelegate.swift; sourceTree = "<group>"; };
		3711690C2223F69E00E5B26E /* ViewController.swift */ = {isa = PBXFileReference; lastKnownFileType = sourcecode.swift; path = ViewController.swift; sourceTree = "<group>"; };
		3711690F2223F69E00E5B26E /* Base */ = {isa = PBXFileReference; lastKnownFileType = file.storyboard; name = Base; path = Base.lproj/Main.storyboard; sourceTree = "<group>"; };
		371169112223F6AE00E5B26E /* Assets.xcassets */ = {isa = PBXFileReference; lastKnownFileType = folder.assetcatalog; path = Assets.xcassets; sourceTree = "<group>"; };
		371169142223F6AE00E5B26E /* Base */ = {isa = PBXFileReference; lastKnownFileType = file.storyboard; name = Base; path = Base.lproj/LaunchScreen.storyboard; sourceTree = "<group>"; };
		371169162223F6AE00E5B26E /* Info.plist */ = {isa = PBXFileReference; lastKnownFileType = text.plist.xml; path = Info.plist; sourceTree = "<group>"; };
		3711691B2223F6AF00E5B26E /* ExampleSTRServiceTests.xctest */ = {isa = PBXFileReference; explicitFileType = wrapper.cfbundle; includeInIndex = 0; path = ExampleSTRServiceTests.xctest; sourceTree = BUILT_PRODUCTS_DIR; };
		3711691F2223F6B000E5B26E /* ExampleSTRServiceTests.swift */ = {isa = PBXFileReference; lastKnownFileType = sourcecode.swift; path = ExampleSTRServiceTests.swift; sourceTree = "<group>"; };
		371169212223F6B000E5B26E /* Info.plist */ = {isa = PBXFileReference; lastKnownFileType = text.plist.xml; path = Info.plist; sourceTree = "<group>"; };
/* End PBXFileReference section */

/* Begin PBXFrameworksBuildPhase section */
		371169042223F69E00E5B26E /* Frameworks */ = {
			isa = PBXFrameworksBuildPhase;
			buildActionMask = 2147483647;
			files = (
			);
			runOnlyForDeploymentPostprocessing = 0;
		};
		371169182223F6AF00E5B26E /* Frameworks */ = {
			isa = PBXFrameworksBuildPhase;
			buildActionMask = 2147483647;
			files = (
			);
			runOnlyForDeploymentPostprocessing = 0;
		};
/* End PBXFrameworksBuildPhase section */

/* Begin PBXGroup section */
		371168FE2223F69D00E5B26E = {
			isa = PBXGroup;
			children = (
				371169092223F69E00E5B26E /* ExampleSTRService */,
				3711691E2223F6B000E5B26E /* ExampleSTRServiceTests */,
				371169082223F69E00E5B26E /* Products */,
			);
			sourceTree = "<group>";
		};
		371169082223F69E00E5B26E /* Products */ = {
			isa = PBXGroup;
			children = (
				371169072223F69E00E5B26E /* ExampleSTRService.app */,
				3711691B2223F6AF00E5B26E /* ExampleSTRServiceTests.xctest */,
			);
			name = Products;
			sourceTree = "<group>";
		};
		371169092223F69E00E5B26E /* ExampleSTRService */ = {
			isa = PBXGroup;
			children = (
				3711690A2223F69E00E5B26E /* AppDelegate.swift */,
				3711690C2223F69E00E5B26E /* ViewController.swift */,
				3711690E2223F69E00E5B26E /* Main.storyboard */,
				371169112223F6AE00E5B26E /* Assets.xcassets */,
				371169132223F6AE00E5B26E /* LaunchScreen.storyboard */,
				371169162223F6AE00E5B26E /* Info.plist */,
			);
			path = ExampleSTRService;
			sourceTree = "<group>";
		};
		3711691E2223F6B000E5B26E /* ExampleSTRServiceTests */ = {
			isa = PBXGroup;
			children = (
				3711691F2223F6B000E5B26E /* ExampleSTRServiceTests.swift */,
				371169212223F6B000E5B26E /* Info.plist */,
			);
			path = ExampleSTRServiceTests;
			sourceTree = "<group>";
		};
/* End PBXGroup section */

/* Begin PBXNativeTarget section */
		371169062223F69E00E5B26E /* ExampleSTRService */ = {
			isa = PBXNativeTarget;
			buildConfigurationList = 371169242223F6B000E5B26E /* Build configuration list for PBXNativeTarget "ExampleSTRService" */;
			buildPhases = (
				371169032223F69E00E5B26E /* Sources */,
				371169042223F69E00E5B26E /* Frameworks */,
				371169052223F69E00E5B26E /* Resources */,
			);
			buildRules = (
			);
			dependencies = (
			);
			name = ExampleSTRService;
			productName = ExampleSTRService;
			productReference = 371169072223F69E00E5B26E /* ExampleSTRService.app */;
			productType = "com.apple.product-type.application";
		};
		3711691A2223F6AF00E5B26E /* ExampleSTRServiceTests */ = {
			isa = PBXNativeTarget;
			buildConfigurationList = 371169272223F6B000E5B26E /* Build configuration list for PBXNativeTarget "ExampleSTRServiceTests" */;
			buildPhases = (
				371169172223F6AF00E5B26E /* Sources */,
				371169182223F6AF00E5B26E /* Frameworks */,
				371169192223F6AF00E5B26E /* Resources */,
			);
			buildRules = (
			);
			dependencies = (
				3711691D2223F6AF00E5B26E /* PBXTargetDependency */,
			);
			name = ExampleSTRServiceTests;
			productName = ExampleSTRServiceTests;
			productReference = 3711691B2223F6AF00E5B26E /* ExampleSTRServiceTests.xctest */;
			productType = "com.apple.product-type.bundle.unit-test";
		};
/* End PBXNativeTarget section */

/* Begin PBXProject section */
		371168FF2223F69D00E5B26E /* Project object */ = {
			isa = PBXProject;
			attributes = {
				LastSwiftUpdateCheck = 1010;
				LastUpgradeCheck = 1010;
				ORGANIZATIONNAME = "Quyen Nguyen The";
				TargetAttributes = {
					371169062223F69E00E5B26E = {
						CreatedOnToolsVersion = 10.1;
					};
					3711691A2223F6AF00E5B26E = {
						CreatedOnToolsVersion = 10.1;
						TestTargetID = 371169062223F69E00E5B26E;
					};
				};
			};
			buildConfigurationList = 371169022223F69D00E5B26E /* Build configuration list for PBXProject "ExampleSTRService" */;
			compatibilityVersion = "Xcode 9.3";
			developmentRegion = en;
			hasScannedForEncodings = 0;
			knownRegions = (
				en,
				Base,
			);
			mainGroup = 371168FE2223F69D00E5B26E;
			productRefGroup = 371169082223F69E00E5B26E /* Products */;
			projectDirPath = "";
			projectRoot = "";
			targets = (
				371169062223F69E00E5B26E /* ExampleSTRService */,
				3711691A2223F6AF00E5B26E /* ExampleSTRServiceTests */,
			);
		};
/* End PBXProject section */

/* Begin PBXResourcesBuildPhase section */
		371169052223F69E00E5B26E /* Resources */ = {
			isa = PBXResourcesBuildPhase;
			buildActionMask = 2147483647;
			files = (
				371169152223F6AE00E5B26E /* LaunchScreen.storyboard in Resources */,
				371169122223F6AE00E5B26E /* Assets.xcassets in Resources */,
				371169102223F69E00E5B26E /* Main.storyboard in Resources */,
			);
			runOnlyForDeploymentPostprocessing = 0;
		};
		371169192223F6AF00E5B26E /* Resources */ = {
			isa = PBXResourcesBuildPhase;
			buildActionMask = 2147483647;
			files = (
			);
			runOnlyForDeploymentPostprocessing = 0;
		};
/* End PBXResourcesBuildPhase section */

/* Begin PBXSourcesBuildPhase section */
		371169032223F69E00E5B26E /* Sources */ = {
			isa = PBXSourcesBuildPhase;
			buildActionMask = 2147483647;
			files = (
				3711690D2223F69E00E5B26E /* ViewController.swift in Sources */,
				3711690B2223F69E00E5B26E /* AppDelegate.swift in Sources */,
			);
			runOnlyForDeploymentPostprocessing = 0;
		};
		371169172223F6AF00E5B26E /* Sources */ = {
			isa = PBXSourcesBuildPhase;
			buildActionMask = 2147483647;
			files = (
				371169202223F6B000E5B26E /* ExampleSTRServiceTests.swift in Sources */,
			);
			runOnlyForDeploymentPostprocessing = 0;
		};
/* End PBXSourcesBuildPhase section */

/* Begin PBXTargetDependency section */
		3711691D2223F6AF00E5B26E /* PBXTargetDependency */ = {
			isa = PBXTargetDependency;
			target = 371169062223F69E00E5B26E /* ExampleSTRService */;
			targetProxy = 3711691C2223F6AF00E5B26E /* PBXContainerItemProxy */;
		};
/* End PBXTargetDependency section */

/* Begin PBXVariantGroup section */
		3711690E2223F69E00E5B26E /* Main.storyboard */ = {
			isa = PBXVariantGroup;
			children = (
				3711690F2223F69E00E5B26E /* Base */,
			);
			name = Main.storyboard;
			sourceTree = "<group>";
		};
		371169132223F6AE00E5B26E /* LaunchScreen.storyboard */ = {
			isa = PBXVariantGroup;
			children = (
				371169142223F6AE00E5B26E /* Base */,
			);
			name = LaunchScreen.storyboard;
			sourceTree = "<group>";
		};
/* End PBXVariantGroup section */

/* Begin XCBuildConfiguration section */
		371169222223F6B000E5B26E /* Debug */ = {
			isa = XCBuildConfiguration;
			buildSettings = {
				ALWAYS_SEARCH_USER_PATHS = NO;
				CLANG_ANALYZER_NONNULL = YES;
				CLANG_ANALYZER_NUMBER_OBJECT_CONVERSION = YES_AGGRESSIVE;
				CLANG_CXX_LANGUAGE_STANDARD = "gnu++14";
				CLANG_CXX_LIBRARY = "libc++";
				CLANG_ENABLE_MODULES = YES;
				CLANG_ENABLE_OBJC_ARC = YES;
				CLANG_ENABLE_OBJC_WEAK = YES;
				CLANG_WARN_BLOCK_CAPTURE_AUTORELEASING = YES;
				CLANG_WARN_BOOL_CONVERSION = YES;
				CLANG_WARN_COMMA = YES;
				CLANG_WARN_CONSTANT_CONVERSION = YES;
				CLANG_WARN_DEPRECATED_OBJC_IMPLEMENTATIONS = YES;
				CLANG_WARN_DIRECT_OBJC_ISA_USAGE = YES_ERROR;
				CLANG_WARN_DOCUMENTATION_COMMENTS = YES;
				CLANG_WARN_EMPTY_BODY = YES;
				CLANG_WARN_ENUM_CONVERSION = YES;
				CLANG_WARN_INFINITE_RECURSION = YES;
				CLANG_WARN_INT_CONVERSION = YES;
				CLANG_WARN_NON_LITERAL_NULL_CONVERSION = YES;
				CLANG_WARN_OBJC_IMPLICIT_RETAIN_SELF = YES;
				CLANG_WARN_OBJC_LITERAL_CONVERSION = YES;
				CLANG_WARN_OBJC_ROOT_CLASS = YES_ERROR;
				CLANG_WARN_RANGE_LOOP_ANALYSIS = YES;
				CLANG_WARN_STRICT_PROTOTYPES = YES;
				CLANG_WARN_SUSPICIOUS_MOVE = YES;
				CLANG_WARN_UNGUARDED_AVAILABILITY = YES_AGGRESSIVE;
				CLANG_WARN_UNREACHABLE_CODE = YES;
				CLANG_WARN__DUPLICATE_METHOD_MATCH = YES;
				CODE_SIGN_IDENTITY = "iPhone Developer";
				COPY_PHASE_STRIP = NO;
				DEBUG_INFORMATION_FORMAT = dwarf;
				ENABLE_STRICT_OBJC_MSGSEND = YES;
				ENABLE_TESTABILITY = YES;
				GCC_C_LANGUAGE_STANDARD = gnu11;
				GCC_DYNAMIC_NO_PIC = NO;
				GCC_NO_COMMON_BLOCKS = YES;
				GCC_OPTIMIZATION_LEVEL = 0;
				GCC_PREPROCESSOR_DEFINITIONS = (
					"DEBUG=1",
					"$(inherited)",
				);
				GCC_WARN_64_TO_32_BIT_CONVERSION = YES;
				GCC_WARN_ABOUT_RETURN_TYPE = YES_ERROR;
				GCC_WARN_UNDECLARED_SELECTOR = YES;
				GCC_WARN_UNINITIALIZED_AUTOS = YES_AGGRESSIVE;
				GCC_WARN_UNUSED_FUNCTION = YES;
				GCC_WARN_UNUSED_VARIABLE = YES;
				IPHONEOS_DEPLOYMENT_TARGET = 12.1;
				MTL_ENABLE_DEBUG_INFO = INCLUDE_SOURCE;
				MTL_FAST_MATH = YES;
				ONLY_ACTIVE_ARCH = YES;
				SDKROOT = iphoneos;
				SWIFT_ACTIVE_COMPILATION_CONDITIONS = DEBUG;
				SWIFT_OPTIMIZATION_LEVEL = "-Onone";
			};
			name = Debug;
		};
		371169232223F6B000E5B26E /* Release */ = {
			isa = XCBuildConfiguration;
			buildSettings = {
				ALWAYS_SEARCH_USER_PATHS = NO;
				CLANG_ANALYZER_NONNULL = YES;
				CLANG_ANALYZER_NUMBER_OBJECT_CONVERSION = YES_AGGRESSIVE;
				CLANG_CXX_LANGUAGE_STANDARD = "gnu++14";
				CLANG_CXX_LIBRARY = "libc++";
				CLANG_ENABLE_MODULES = YES;
				CLANG_ENABLE_OBJC_ARC = YES;
				CLANG_ENABLE_OBJC_WEAK = YES;
				CLANG_WARN_BLOCK_CAPTURE_AUTORELEASING = YES;
				CLANG_WARN_BOOL_CONVERSION = YES;
				CLANG_WARN_COMMA = YES;
				CLANG_WARN_CONSTANT_CONVERSION = YES;
				CLANG_WARN_DEPRECATED_OBJC_IMPLEMENTATIONS = YES;
				CLANG_WARN_DIRECT_OBJC_ISA_USAGE = YES_ERROR;
				CLANG_WARN_DOCUMENTATION_COMMENTS = YES;
				CLANG_WARN_EMPTY_BODY = YES;
				CLANG_WARN_ENUM_CONVERSION = YES;
				CLANG_WARN_INFINITE_RECURSION = YES;
				CLANG_WARN_INT_CONVERSION = YES;
				CLANG_WARN_NON_LITERAL_NULL_CONVERSION = YES;
				CLANG_WARN_OBJC_IMPLICIT_RETAIN_SELF = YES;
				CLANG_WARN_OBJC_LITERAL_CONVERSION = YES;
				CLANG_WARN_OBJC_ROOT_CLASS = YES_ERROR;
				CLANG_WARN_RANGE_LOOP_ANALYSIS = YES;
				CLANG_WARN_STRICT_PROTOTYPES = YES;
				CLANG_WARN_SUSPICIOUS_MOVE = YES;
				CLANG_WARN_UNGUARDED_AVAILABILITY = YES_AGGRESSIVE;
				CLANG_WARN_UNREACHABLE_CODE = YES;
				CLANG_WARN__DUPLICATE_METHOD_MATCH = YES;
				CODE_SIGN_IDENTITY = "iPhone Developer";
				COPY_PHASE_STRIP = NO;
				DEBUG_INFORMATION_FORMAT = "dwarf-with-dsym";
				ENABLE_NS_ASSERTIONS = NO;
				ENABLE_STRICT_OBJC_MSGSEND = YES;
				GCC_C_LANGUAGE_STANDARD = gnu11;
				GCC_NO_COMMON_BLOCKS = YES;
				GCC_WARN_64_TO_32_BIT_CONVERSION = YES;
				GCC_WARN_ABOUT_RETURN_TYPE = YES_ERROR;
				GCC_WARN_UNDECLARED_SELECTOR = YES;
				GCC_WARN_UNINITIALIZED_AUTOS = YES_AGGRESSIVE;
				GCC_WARN_UNUSED_FUNCTION = YES;
				GCC_WARN_UNUSED_VARIABLE = YES;
				IPHONEOS_DEPLOYMENT_TARGET = 12.1;
				MTL_ENABLE_DEBUG_INFO = NO;
				MTL_FAST_MATH = YES;
				SDKROOT = iphoneos;
				SWIFT_COMPILATION_MODE = wholemodule;
				SWIFT_OPTIMIZATION_LEVEL = "-O";
				VALIDATE_PRODUCT = YES;
			};
			name = Release;
		};
		371169252223F6B000E5B26E /* Debug */ = {
			isa = XCBuildConfiguration;
			buildSettings = {
				ASSETCATALOG_COMPILER_APPICON_NAME = AppIcon;
				CODE_SIGN_STYLE = Automatic;
				DEVELOPMENT_TEAM = Y795KF44JK;
				INFOPLIST_FILE = ExampleSTRService/Info.plist;
				LD_RUNPATH_SEARCH_PATHS = (
					"$(inherited)",
					"@executable_path/Frameworks",
				);
				PRODUCT_BUNDLE_IDENTIFIER = dc11.ExampleSTRService;
				PRODUCT_NAME = "$(TARGET_NAME)";
				SWIFT_VERSION = 4.2;
				TARGETED_DEVICE_FAMILY = "1,2";
			};
			name = Debug;
		};
		371169262223F6B000E5B26E /* Release */ = {
			isa = XCBuildConfiguration;
			buildSettings = {
				ASSETCATALOG_COMPILER_APPICON_NAME = AppIcon;
				CODE_SIGN_STYLE = Automatic;
				DEVELOPMENT_TEAM = Y795KF44JK;
				INFOPLIST_FILE = ExampleSTRService/Info.plist;
				LD_RUNPATH_SEARCH_PATHS = (
					"$(inherited)",
					"@executable_path/Frameworks",
				);
				PRODUCT_BUNDLE_IDENTIFIER = dc11.ExampleSTRService;
				PRODUCT_NAME = "$(TARGET_NAME)";
				SWIFT_VERSION = 4.2;
				TARGETED_DEVICE_FAMILY = "1,2";
			};
			name = Release;
		};
		371169282223F6B000E5B26E /* Debug */ = {
			isa = XCBuildConfiguration;
			buildSettings = {
				ALWAYS_EMBED_SWIFT_STANDARD_LIBRARIES = YES;
				BUNDLE_LOADER = "$(TEST_HOST)";
				CODE_SIGN_STYLE = Automatic;
				DEVELOPMENT_TEAM = Y795KF44JK;
				INFOPLIST_FILE = ExampleSTRServiceTests/Info.plist;
				LD_RUNPATH_SEARCH_PATHS = (
					"$(inherited)",
					"@executable_path/Frameworks",
					"@loader_path/Frameworks",
				);
				PRODUCT_BUNDLE_IDENTIFIER = dc11.ExampleSTRServiceTests;
				PRODUCT_NAME = "$(TARGET_NAME)";
				SWIFT_VERSION = 4.2;
				TARGETED_DEVICE_FAMILY = "1,2";
				TEST_HOST = "$(BUILT_PRODUCTS_DIR)/ExampleSTRService.app/ExampleSTRService";
			};
			name = Debug;
		};
		371169292223F6B000E5B26E /* Release */ = {
			isa = XCBuildConfiguration;
			buildSettings = {
				ALWAYS_EMBED_SWIFT_STANDARD_LIBRARIES = YES;
				BUNDLE_LOADER = "$(TEST_HOST)";
				CODE_SIGN_STYLE = Automatic;
				DEVELOPMENT_TEAM = Y795KF44JK;
				INFOPLIST_FILE = ExampleSTRServiceTests/Info.plist;
				LD_RUNPATH_SEARCH_PATHS = (
					"$(inherited)",
					"@executable_path/Frameworks",
					"@loader_path/Frameworks",
				);
				PRODUCT_BUNDLE_IDENTIFIER = dc11.ExampleSTRServiceTests;
				PRODUCT_NAME = "$(TARGET_NAME)";
				SWIFT_VERSION = 4.2;
				TARGETED_DEVICE_FAMILY = "1,2";
				TEST_HOST = "$(BUILT_PRODUCTS_DIR)/ExampleSTRService.app/ExampleSTRService";
			};
			name = Release;
		};
/* End XCBuildConfiguration section */

/* Begin XCConfigurationList section */
		371169022223F69D00E5B26E /* Build configuration list for PBXProject "ExampleSTRService" */ = {
			isa = XCConfigurationList;
			buildConfigurations = (
				371169222223F6B000E5B26E /* Debug */,
				371169232223F6B000E5B26E /* Release */,
			);
			defaultConfigurationIsVisible = 0;
			defaultConfigurationName = Release;
		};
		371169242223F6B000E5B26E /* Build configuration list for PBXNativeTarget "ExampleSTRService" */ = {
			isa = XCConfigurationList;
			buildConfigurations = (
				371169252223F6B000E5B26E /* Debug */,
				371169262223F6B000E5B26E /* Release */,
			);
			defaultConfigurationIsVisible = 0;
			defaultConfigurationName = Release;
		};
		371169272223F6B000E5B26E /* Build configuration list for PBXNativeTarget "ExampleSTRServiceTests" */ = {
			isa = XCConfigurationList;
			buildConfigurations = (
				371169282223F6B000E5B26E /* Debug */,
				371169292223F6B000E5B26E /* Release */,
			);
			defaultConfigurationIsVisible = 0;
			defaultConfigurationName = Release;
		};
/* End XCConfigurationList section */
	};
	rootObject = 371168FF2223F69D00E5B26E /* Project object */;
}
