PODS:
  - Alamofire (4.8.0)
  - ObjectMapper (3.4.2)
  - STRService (0.0.1):
    - Alamofire (~> 4.8.0)

DEPENDENCIES:
  - ObjectMapper
  - STRService (from `https://github.com/QuyenNguyenThe/STRService`)

SPEC REPOS:
  https://github.com/cocoapods/specs.git:
    - Alamofire
    - ObjectMapper

EXTERNAL SOURCES:
  STRService:
    :git: https://github.com/QuyenNguyenThe/STRService

CHECKOUT OPTIONS:
  STRService:
    :commit: f30afe5ac06cccd2aeb41b819eacc19db73fc4e3
    :git: https://github.com/QuyenNguyenThe/STRService

SPEC CHECKSUMS:
  Alamofire: 3ec537f71edc9804815215393ae2b1a8ea33a844
  ObjectMapper: 0d4402610f4e468903ae64629eec4784531e5c51
  STRService: 6dcb537f4de0e916e0a76dad166b33bf7d521d4f

PODFILE CHECKSUM: d8ba3fe5477909853082992892a5106bf318f721

COCOAPODS: 1.6.0.beta.2
